
Microsoft Visual Studio Solution File, Format Version 12.00
# Visual Studio Version 17
VisualStudioVersion = 17.0.31903.59
MinimumVisualStudioVersion = 10.0.40219.1
Project("{2150E333-8FDC-42A3-9474-1A3956D46DE8}") = "src", "src", "{56CF2E05-9672-47E9-9464-5037BBC92514}"
EndProject
Project("{FAE04EC0-301F-11D3-BF4B-00C04F79EFBC}") = "Rewrite.Core", "src\Rewrite.Core\Rewrite.Core.csproj", "{BC073A47-3A23-43BC-BBCC-BE17254E408C}"
EndProject
Project("{FAE04EC0-301F-11D3-BF4B-00C04F79EFBC}") = "Rewrite.Java", "src\Rewrite.Java\Rewrite.Java.csproj", "{7E9B28DE-41AC-44D5-99A9-4C2A00C86049}"
EndProject
Project("{FAE04EC0-301F-11D3-BF4B-00C04F79EFBC}") = "Rewrite.CSharp", "src\Rewrite.CSharp\Rewrite.CSharp.csproj", "{B8FD15E6-7242-4426-A450-1F9A1D219E37}"
EndProject
Project("{FAE04EC0-301F-11D3-BF4B-00C04F79EFBC}") = "Rewrite.Test", "src\Rewrite.Test\Rewrite.Test.csproj", "{EFC61BA1-BE07-4FBF-BD8C-7853F7C55BAE}"
EndProject
Project("{2150E333-8FDC-42A3-9474-1A3956D46DE8}") = "tests", "tests", "{F3B68C26-9463-45F5-8A92-267450C14680}"
EndProject
Project("{FAE04EC0-301F-11D3-BF4B-00C04F79EFBC}") = "Rewrite.CSharp.Tests", "tests\Rewrite.CSharp.Tests\Rewrite.CSharp.Tests.csproj", "{67D4460F-9900-476B-B671-AAEDDACA2C77}"
EndProject
Global
	GlobalSection(SolutionConfigurationPlatforms) = preSolution
		Debug|Any CPU = Debug|Any CPU
		Release|Any CPU = Release|Any CPU
	EndGlobalSection
	GlobalSection(SolutionProperties) = preSolution
		HideSolutionNode = FALSE
	EndGlobalSection
	GlobalSection(ProjectConfigurationPlatforms) = postSolution
		{BC073A47-3A23-43BC-BBCC-BE17254E408C}.Debug|Any CPU.ActiveCfg = Debug|Any CPU
		{BC073A47-3A23-43BC-BBCC-BE17254E408C}.Debug|Any CPU.Build.0 = Debug|Any CPU
		{BC073A47-3A23-43BC-BBCC-BE17254E408C}.Release|Any CPU.ActiveCfg = Release|Any CPU
		{BC073A47-3A23-43BC-BBCC-BE17254E408C}.Release|Any CPU.Build.0 = Release|Any CPU
		{7E9B28DE-41AC-44D5-99A9-4C2A00C86049}.Debug|Any CPU.ActiveCfg = Debug|Any CPU
		{7E9B28DE-41AC-44D5-99A9-4C2A00C86049}.Debug|Any CPU.Build.0 = Debug|Any CPU
		{7E9B28DE-41AC-44D5-99A9-4C2A00C86049}.Release|Any CPU.ActiveCfg = Release|Any CPU
		{7E9B28DE-41AC-44D5-99A9-4C2A00C86049}.Release|Any CPU.Build.0 = Release|Any CPU
		{B8FD15E6-7242-4426-A450-1F9A1D219E37}.Debug|Any CPU.ActiveCfg = Debug|Any CPU
		{B8FD15E6-7242-4426-A450-1F9A1D219E37}.Debug|Any CPU.Build.0 = Debug|Any CPU
		{B8FD15E6-7242-4426-A450-1F9A1D219E37}.Release|Any CPU.ActiveCfg = Release|Any CPU
		{B8FD15E6-7242-4426-A450-1F9A1D219E37}.Release|Any CPU.Build.0 = Release|Any CPU
		{EFC61BA1-BE07-4FBF-BD8C-7853F7C55BAE}.Debug|Any CPU.ActiveCfg = Debug|Any CPU
		{EFC61BA1-BE07-4FBF-BD8C-7853F7C55BAE}.Debug|Any CPU.Build.0 = Debug|Any CPU
		{EFC61BA1-BE07-4FBF-BD8C-7853F7C55BAE}.Release|Any CPU.ActiveCfg = Release|Any CPU
		{EFC61BA1-BE07-4FBF-BD8C-7853F7C55BAE}.Release|Any CPU.Build.0 = Release|Any CPU
		{67D4460F-9900-476B-B671-AAEDDACA2C77}.Debug|Any CPU.ActiveCfg = Debug|Any CPU
		{67D4460F-9900-476B-B671-AAEDDACA2C77}.Debug|Any CPU.Build.0 = Debug|Any CPU
		{67D4460F-9900-476B-B671-AAEDDACA2C77}.Release|Any CPU.ActiveCfg = Release|Any CPU
		{67D4460F-9900-476B-B671-AAEDDACA2C77}.Release|Any CPU.Build.0 = Release|Any CPU
	EndGlobalSection
	GlobalSection(NestedProjects) = preSolution
		{BC073A47-3A23-43BC-BBCC-BE17254E408C} = {56CF2E05-9672-47E9-9464-5037BBC92514}
		{7E9B28DE-41AC-44D5-99A9-4C2A00C86049} = {56CF2E05-9672-47E9-9464-5037BBC92514}
		{B8FD15E6-7242-4426-A450-1F9A1D219E37} = {56CF2E05-9672-47E9-9464-5037BBC92514}
		{EFC61BA1-BE07-4FBF-BD8C-7853F7C55BAE} = {56CF2E05-9672-47E9-9464-5037BBC92514}
		{67D4460F-9900-476B-B671-AAEDDACA2C77} = {F3B68C26-9463-45F5-8A92-267450C14680}
	EndGlobalSection
EndGlobal
