version = 1
revision = 3
requires-python = ">=3.10"
resolution-markers = [
    "python_full_version >= '3.11'",
    "python_full_version < '3.11'",
]

[[package]]
name = "fixture-e2"
version = "0.1.0"
source = { virtual = "." }
dependencies = [
    { name = "typing-extensions", version = "4.5.0", source = { registry = "https://pypi.org/simple" }, marker = "python_full_version < '3.11'" },
    { name = "typing-extensions", version = "4.16.0", source = { registry = "https://pypi.org/simple" }, marker = "python_full_version >= '3.11'" },
]

[package.metadata]
requires-dist = [
    { name = "typing-extensions", marker = "python_full_version < '3.11'", specifier = "<4.6" },
    { name = "typing-extensions", marker = "python_full_version >= '3.11'", specifier = ">=4.10" },
]

[[package]]
name = "typing-extensions"
version = "4.5.0"
source = { registry = "https://pypi.org/simple" }
resolution-markers = [
    "python_full_version < '3.11'",
]
sdist = { url = "https://files.pythonhosted.org/packages/d3/20/06270dac7316220643c32ae61694e451c98f8caf4c8eab3aa80a2bedf0df/typing_extensions-4.5.0.tar.gz", hash = "sha256:5cb5f4a79139d699607b3ef622a1dedafa84e115ab0024e0d9c044a9479ca7cb", size = 52399, upload-time = "2023-02-15T00:17:55.502Z" }
wheels = [
    { url = "https://files.pythonhosted.org/packages/31/25/5abcd82372d3d4a3932e1fa8c3dbf9efac10cc7c0d16e78467460571b404/typing_extensions-4.5.0-py3-none-any.whl", hash = "sha256:fb33085c39dd998ac16d1431ebc293a8b3eedd00fd4a32de0ff79002c19511b4", size = 27736, upload-time = "2023-02-15T00:17:53.726Z" },
]

[[package]]
name = "typing-extensions"
version = "4.16.0"
source = { registry = "https://pypi.org/simple" }
resolution-markers = [
    "python_full_version >= '3.11'",
]
sdist = { url = "https://files.pythonhosted.org/packages/f6/cc/6253133b5bb138fc3306cebfbda2c520f545d36b5be2c7255cc528bb45d6/typing_extensions-4.16.0.tar.gz", hash = "sha256:dc983d19a509c94dba722ee6abd33940f7c05a89e243c47e907eb4db6f1a43e5", size = 113555, upload-time = "2026-07-02T08:40:05.92Z" }
wheels = [
    { url = "https://files.pythonhosted.org/packages/49/d3/b8441a820a491ddfc024b0b0cf0393375b75ea13866d9c66727e54c2fc80/typing_extensions-4.16.0-py3-none-any.whl", hash = "sha256:481caa481374e813c1b176ada14e97f1f67a4539ce9cfeb3f350d78d6370c2e8", size = 45571, upload-time = "2026-07-02T08:40:04.659Z" },
]
