# This file is automatically @generated by Poetry 2.4.1 and should not be changed by hand.

[[package]]
name = "six"
version = "1.17.0"
description = "Python 2 and 3 compatibility utilities"
optional = false
python-versions = ">=2.7, !=3.0.*, !=3.1.*, !=3.2.*"
groups = ["main"]
files = []
develop = false

[package.source]
type = "git"
url = "https://github.com/benjaminp/six.git"
reference = "1.17.0"
resolved_reference = "ebd9b3af90247b8858d415a05e96e9ee61e48d07"

[metadata]
lock-version = "2.1"
python-versions = "^3.10"
content-hash = "3e81114cb4736ba632037929db9a652c865cad3b7b60d8bf6f696b36ce7e0616"
