version = 1
revision = 3
requires-python = ">=3.9"

[[package]]
name = "six"
version = "1.17.0"
source = { url = "https://files.pythonhosted.org/packages/94/e7/b2c673351809dca68a0e064b6af791aa332cf192da575fd474ed7d6f16a2/six-1.17.0.tar.gz" }
sdist = { hash = "sha256:ff70335d468e7eb6ec65b95b99d3a2836546063f63acc5171de367e834932a81" }

[[package]]
name = "urlsdist"
version = "0.1.0"
source = { virtual = "." }
dependencies = [
    { name = "six" },
]

[package.metadata]
requires-dist = [{ name = "six", url = "https://files.pythonhosted.org/packages/94/e7/b2c673351809dca68a0e064b6af791aa332cf192da575fd474ed7d6f16a2/six-1.17.0.tar.gz" }]
