# This file is @generated by PDM.
# It is not intended for manual editing.

[metadata]
groups = ["default"]
strategy = ["inherit_metadata"]
lock_version = "4.5.0"
content_hash = "sha256:4a9abb8c81f0e05ce20316af884b1931810d5dd48257984989b59a44dc3885af"

[[metadata.targets]]
requires_python = ">=3.10"

[[package]]
name = "six"
version = "1.17.0"
requires_python = ">=2.7, !=3.0.*, !=3.1.*, !=3.2.*"
git = "https://github.com/benjaminp/six.git"
ref = "1.17.0"
revision = "ebd9b3af90247b8858d415a05e96e9ee61e48d07"
summary = "Python 2 and 3 compatibility utilities"
groups = ["default"]
