github.com/google/uuid v1.6.0 h1:NIvaJDMOsjHA8n1jAhLSgzrAzy1Hgr+hNrb57e+94F0=
github.com/google/uuid v1.6.0/go.mod h1:TIyPZe4MgqvfeYDBFedMoGGpEw/LqOeaOT+nhxU+yHo=
github.com/grafana/pyroscope-go v1.2.8 h1:UvCwIhlx9DeV7F6TW/z8q1Mi4PIm3vuUJ2ZlCEvmA4M=
github.com/grafana/pyroscope-go v1.2.8/go.mod h1:SSi59eQ1/zmKoY/BKwa5rSFsJaq+242Bcrr4wPix1g8=
github.com/grafana/pyroscope-go/godeltaprof v0.1.9 h1:c1Us8i6eSmkW+Ez05d3co8kasnuOY813tbMN8i/a3Og=
github.com/grafana/pyroscope-go/godeltaprof v0.1.9/go.mod h1:2+l7K7twW49Ct4wFluZD3tZ6e0SjanjcUUBPVD/UuGU=
github.com/klauspost/compress v1.17.8 h1:YcnTYrq7MikUT7k0Yb5eceMmALQPYBW/Xltxn0NAMnU=
github.com/klauspost/compress v1.17.8/go.mod h1:Di0epgTjJY877eYKx5yC51cX2A2Vl2ibi7bDH9ttBbw=
golang.org/x/mod v0.35.0 h1:Ww1D637e6Pg+Zb2KrWfHQUnH2dQRLBQyAtpr/haaJeM=
golang.org/x/mod v0.35.0/go.mod h1:+GwiRhIInF8wPm+4AoT6L0FA1QWAad3OMdTRx4tFYlU=
