{
    "Zed": "capitals sort first",
    "_underscore": "between capitals and lowercase",
    "big": 12345678901234567890123456789,
    "bool_false": false,
    "bool_true": true,
    "controls": "tab\there\nnl\rcr\bbs\fff\u0001soh\u007fdel\u000bvt",
    "empty_array": [],
    "empty_object": {},
    "negative": -7,
    "nested": {
        "a": "first",
        "b": [
            1,
            2,
            {
                "deep": {}
            }
        ]
    },
    "nil": null,
    "quotes": "he said \"hi\" with \\ backslash and / slash",
    "small": 42,
    "unicode": "caf\u00e9 \u00e9 \ud83d\ude00 snowman \u2603",
    "zebra": "last",
    "zero": 0,
    "\ufffd-replacement-char-key": 1,
    "\ud83d\ude00-astral-key": 2
}
